github.com/stretchr/testify v1.12.1 h1:EuwCh5fleGS7H32xRwO3wRGT7DxrDhLAT6FF8MpWDWE=
github.com/stretchr/testify v1.12.1/go.mod h1:MDEgiDPPsNp5cuIrHPPCyornHKgEVbtFUmoNlxoYthg=
github.com/synesissoftware/ANGoLS v0.11.0 h1:/XFXs6DqnQTxrsUBUz6FuKRC0eq5cpGnWMpTGwH2HnA=
github.com/synesissoftware/ANGoLS v0.11.0/go.mod h1:F0ewcL/0BxYXtMuBFn5l+FYK365nBHy1copCgASlPkQ=
github.com/synesissoftware/STEGoL v0.4.0 h1:aufaw9c8Xq2aNpgOLAtgtbU9GX8pFFD3hK1j6cTcCIw=
github.com/synesissoftware/STEGoL v0.4.0/go.mod h1:jQfaaAIwBtFhs8qHY8h4+ZTn05xvs5H2ZepAK2nHwMU=
github.com/synesissoftware/ver2go v0.2.0-beta1 h1:9Ne+kvCQMWXA+RhWqqjT+jTP+/9LfKDJyUDSJxxhI5A=
github.com/synesissoftware/ver2go v0.2.0-beta1/go.mod h1:JlZS4ms4D4cCaYuRh+fbBaNv7BwqrAP4m4/hZzGJ8hU=
go.yaml.in/yaml/v3 v3.0.5 h1:N6y/pJk8buWs9NY5ERU2HSMfm+IuD/OtfdAnq6kESPw=
go.yaml.in/yaml/v3 v3.0.5/go.mod h1:HVTZu1O7/Vkt2N+BFy8Zza+lnLsABggaTM2ZpNIGuKg=
